version = 1
revision = 3
requires-python = "==3.12.*"

[[package]]
name = "annotated-types"
version = "0.8.0"
source = { registry = "https://pypi.org/simple" }
sdist = { url = "https://files.pythonhosted.org/packages/5f/56/a8120250d128bed162cd73c76d45f6ef9991f3e068f62a8ee060afa3104a/annotated_types-0.8.0.tar.gz", hash = "sha256:13b2beaad985e05e2d6407ee4c4f35590b11f8d693a258a561055cac8f64cab7", size = 15893, upload-time = "2026-07-23T20:16:13.995Z" }
wheels = [
    { url = "https://files.pythonhosted.org/packages/99/91/8acff4f5e50511b911bbccb72b8628a49c68ce14148cd9f6431094859a90/annotated_types-0.8.0-py3-none-any.whl", hash = "sha256:f072f4d804ea359e4eaf198b1af7a8b0943881a87f31bb764f8bf219bb9419e0", size = 13427, upload-time = "2026-07-23T20:16:12.938Z" },
]

[[package]]
name = "anyio"
version = "4.15.1"
source = { registry = "https://pypi.org/simple" }
dependencies = [
    { name = "idna" },
    { name = "typing-extensions" },
]
sdist = { url = "https://files.pythonhosted.org/packages/a9/d2/f4d173e22df740bc37b1db102b386ba719b66e95b0f0d751f556b387e6d2/anyio-4.15.1.tar.gz", hash = "sha256:9f28306018cbd6d329e64a36d58256edff76dd996fe423bc957326e578b82a94", size = 276966, upload-time = "2026-09-05T10:42:39.44Z" }
wheels = [
    { url = "https://files.pythonhosted.org/packages/12/b8/4bd346e22b28902df4d651910f5242c28d84e4a5c2435ca5c3f797ed7e2e/anyio-4.15.1-py3-none-any.whl", hash = "sha256:6152fdbbf9a77fdec97731721bebf7c4c44f7c29b424b0065826173efc7ed101", size = 132079, upload-time = "2026-09-05T10:42:37.923Z" },
]

[[package]]
name = "certifi"
version = "2026.7.22"
source = { registry = "https://pypi.org/simple" }
sdist = { url = "https://files.pythonhosted.org/packages/a3/c2/24167ea9858356b47a87a50d39908bfdb72ceeefe0041586e704e5376b3a/certifi-2026.7.22.tar.gz", hash = "sha256:741e2c3b351ddf169a738da9f2c048608ff7f2c5cc02f1ebc6b118bb090d5d55", size = 138112, upload-time = "2026-07-22T03:35:12.644Z" }
wheels = [
    { url = "https://files.pythonhosted.org/packages/0b/a7/71ac2cff56fec219ed242bb11b8efb69fcc4bec75db06fb7bfe35de520e6/certifi-2026.7.22-py3-none-any.whl", hash = "sha256:62f22742b58a1a33014a2b6b706588a8d7e2a88ae7bd1a6ebe8c992928483775", size = 136983, upload-time = "2026-07-22T03:35:11.276Z" },
]

[[package]]
name = "h11"
version = "0.16.0"
source = { registry = "https://pypi.org/simple" }
sdist = { url = "https://files.pythonhosted.org/packages/01/ee/02a2c011bdab74c6fb3c75474d40b3052059d95df7e73351460c8588d963/h11-0.16.0.tar.gz", hash = "sha256:4e35b956cf45792e4caa5885e69fba00bdbc6ffafbfa020300e549b208ee5ff1", size = 101250, upload-time = "2025-04-24T03:35:25.427Z" }
wheels = [
    { url = "https://files.pythonhosted.org/packages/04/4b/29cac41a4d98d144bf5f6d33995617b185d14b22401f75ca86f384e87ff1/h11-0.16.0-py3-none-any.whl", hash = "sha256:63cf8bbe7522de3bf65932fda1d9c2772064ffb3dae62d55932da54b31cb6c86", size = 37515, upload-time = "2025-04-24T03:35:24.344Z" },
]

[[package]]
name = "httpcore"
version = "1.0.9"
source = { registry = "https://pypi.org/simple" }
dependencies = [
    { name = "certifi" },
    { name = "h11" },
]
sdist = { url = "https://files.pythonhosted.org/packages/06/94/82699a10bca87a5556c9c59b5963f2d039dbd239f25bc2a63907a05a14cb/httpcore-1.0.9.tar.gz", hash = "sha256:6e34463af53fd2ab5d807f399a9b45ea31c3dfa2276f15a2c3f00afff6e176e8", size = 85484, upload-time = "2025-04-24T22:06:22.219Z" }
wheels = [
    { url = "https://files.pythonhosted.org/packages/7e/f5/f66802a942d491edb555dd61e3a9961140fd64c90bce1eafd741609d334d/httpcore-1.0.9-py3-none-any.whl", hash = "sha256:2d400746a40668fc9dec9810239072b40b4484b640a8c38fd654a024c7a1bf55", size = 78784, upload-time = "2025-04-24T22:06:20.566Z" },
]

[[package]]
name = "httpcore2"
version = "2.12.0"
source = { registry = "https://pypi.org/simple" }
dependencies = [
    { name = "h11" },
    { name = "truststore" },
]
sdist = { url = "https://files.pythonhosted.org/packages/be/ad/f4f0e57345f1870f3e8cb624e058d7eca6e5a27d33bcc3311d9b618734cd/httpcore2-2.12.0.tar.gz", hash = "sha256:9293522bba0aa7c4c8e9e3f040c16575bd8868e155a77fa30c7a9085a5eae648", size = 67548, upload-time = "2026-08-18T13:22:08.211Z" }
wheels = [
    { url = "https://files.pythonhosted.org/packages/d2/74/d370e55600d9bcfa0d9794b0166126d49291a3d2b20c268fc98c453a4948/httpcore2-2.12.0-py3-none-any.whl", hash = "sha256:7e04258ce01013d7d615e5b910a3b27fac937d7a95038227e79652b4ba3b4ceb", size = 83074, upload-time = "2026-08-18T13:22:05.854Z" },
]

[[package]]
name = "httpx"
version = "0.28.1"
source = { registry = "https://pypi.org/simple" }
dependencies = [
    { name = "anyio" },
    { name = "certifi" },
    { name = "httpcore" },
    { name = "idna" },
]
sdist = { url = "https://files.pythonhosted.org/packages/b1/df/48c586a5fe32a0f01324ee087459e112ebb7224f646c0b5023f5e79e9956/httpx-0.28.1.tar.gz", hash = "sha256:75e98c5f16b0f35b567856f597f06ff2270a374470a5c2392242528e3e3e42fc", size = 141406, upload-time = "2024-12-06T15:37:23.222Z" }
wheels = [
    { url = "https://files.pythonhosted.org/packages/2a/39/e50c7c3a983047577ee07d2a9e53faf5a69493943ec3f6a384bdc792deb2/httpx-0.28.1-py3-none-any.whl", hash = "sha256:d909fcccc110f8c7faf814ca82a9a4d816bc5a6dbfea25d6591d6985b8ba59ad", size = 73517, upload-time = "2024-12-06T15:37:21.509Z" },
]

[[package]]
name = "httpx2"
version = "2.12.0"
source = { registry = "https://pypi.org/simple" }
dependencies = [
    { name = "anyio", marker = "sys_platform != 'emscripten'" },
    { name = "httpcore2", marker = "sys_platform != 'emscripten'" },
    { name = "httpx2-jsfetch", marker = "sys_platform == 'emscripten'" },
    { name = "idna" },
    { name = "truststore", marker = "sys_platform != 'emscripten'" },
    { name = "typing-extensions" },
]
sdist = { url = "https://files.pythonhosted.org/packages/7f/f8/579a8b51e42e38ee32647df9f08aa25643ae788e275cc625b199829c4671/httpx2-2.12.0.tar.gz", hash = "sha256:7631fe9887a8a2275f4a2540e053aa670fcc50742864a9ae7c66e609fdcf12cf", size = 100040, upload-time = "2026-08-18T13:22:09.086Z" }
wheels = [
    { url = "https://files.pythonhosted.org/packages/c8/95/411ba65569158e862368917aaf56597f3e5fa3b91b0502919638465a08f3/httpx2-2.12.0-py3-none-any.whl", hash = "sha256:cc8b6eecb8661c146b8f89a60e97456ee086e91a784ed31ac450c3a9e613dd36", size = 95427, upload-time = "2026-08-18T13:22:06.834Z" },
]

[[package]]
name = "httpx2-jsfetch"
version = "1.0"
source = { registry = "https://pypi.org/simple" }
sdist = { url = "https://files.pythonhosted.org/packages/cd/c4/0e5636363151a2a1795e0a77617168b9ca438e1748ec05fc9b5687f93d64/httpx2_jsfetch-1.0.tar.gz", hash = "sha256:70a0e3eabfef7cce5ad9c629f7d01ca05e418f586646f4ddf14782e4c1454c60", size = 6872, upload-time = "2026-08-07T00:13:07.492Z" }
wheels = [
    { url = "https://files.pythonhosted.org/packages/9b/43/832f631d32e4f1211caa2ba368317739fe71f0b8530e4c9d15dc454bac2a/httpx2_jsfetch-1.0-py3-none-any.whl", hash = "sha256:cb916b707601e69a07721aabc8f3f6659be3a6893bc1ff5c6f9e02241df2da32", size = 6382, upload-time = "2026-08-07T00:13:06.567Z" },
]

[[package]]
name = "idna"
version = "3.19"
source = { registry = "https://pypi.org/simple" }
sdist = { url = "https://files.pythonhosted.org/packages/5f/f7/abb373e5757eaec4b922b92f97ec8d6d7e057cf06778247604fbc4e7c3f3/idna-3.19.tar.gz", hash = "sha256:5e0811a4383b21dc5838069f801c4fb62113b7447663d2530d2bd6e77b49bf15", size = 215237, upload-time = "2026-08-18T05:14:24.27Z" }
wheels = [
    { url = "https://files.pythonhosted.org/packages/57/b0/0e52c878c53f245edd3a11020f20979b3f490f245af532c7cae3027754b5/idna-3.19-py3-none-any.whl", hash = "sha256:815e7be7a7806d54abb586dc943addc79e8b2ee16915059658cbeff4b1b43bf4", size = 68550, upload-time = "2026-08-18T05:14:22.343Z" },
]

[[package]]
name = "jiter"
version = "0.16.0"
source = { registry = "https://pypi.org/simple" }
sdist = { url = "https://files.pythonhosted.org/packages/1d/1f/10936e16d8860c70698a1aa939a46aa0224813b782bce4e000e637da0b2d/jiter-0.16.0.tar.gz", hash = "sha256:7b24c3492c5f4f84a37946ad9cf504910cf6a782d6a4e0689b6673c5894b4a1c", size = 176431, upload-time = "2026-06-29T13:05:13.657Z" }
wheels = [
    { url = "https://files.pythonhosted.org/packages/83/2b/52ace16ed031354f0539749a49e4bf33797d82bea5137910835fa4b09793/jiter-0.16.0-cp312-cp312-macosx_10_12_x86_64.whl", hash = "sha256:67c3bc1760f8c99d805dcab4e644027142a53b1d5d861f18780ebdbd5d40b72a", size = 306943, upload-time = "2026-06-29T13:03:14.035Z" },
    { url = "https://files.pythonhosted.org/packages/94/2e/34957c2c1b661c252ba9bcc60ae0bddc27e0f7202c6073326a13c5390eec/jiter-0.16.0-cp312-cp312-macosx_11_0_arm64.whl", hash = "sha256:5af7780e4a26bd7d0d989592bf9ef12ebf806b74ab709223ecca37c749872ea9", size = 307779, upload-time = "2026-06-29T13:03:15.418Z" },
    { url = "https://files.pythonhosted.org/packages/88/6c/59bd309cab4460c54cf1079f3eb7fe7af6a4c895c5c957a53378693bad2b/jiter-0.16.0-cp312-cp312-manylinux_2_17_aarch64.manylinux2014_aarch64.whl", hash = "sha256:d5bf78d0e05e45cfdd66558893938d59afe3d1b1a824a202039b20e607d25a72", size = 335826, upload-time = "2026-06-29T13:03:17.11Z" },
    { url = "https://files.pythonhosted.org/packages/3b/8c/f5ef7b65f0df47afa16596969defb281ebb86e96df346d62be6fd853d620/jiter-0.16.0-cp312-cp312-manylinux_2_17_armv7l.manylinux2014_armv7l.whl", hash = "sha256:f4444a83f946605990c98f625cdd3d2725bfb818158760c5748c653170a20e0e", size = 362573, upload-time = "2026-06-29T13:03:18.781Z" },
    { url = "https://files.pythonhosted.org/packages/2b/0b/ace4354da061ee38844a0c27dc2c21eecd27aea119e8da324bea987522d0/jiter-0.16.0-cp312-cp312-manylinux_2_17_ppc64le.manylinux2014_ppc64le.whl", hash = "sha256:3a23f0e4f957e1be65752d2dfac9a5a06b1917af8dc85deb639c3b9d02e31290", size = 457979, upload-time = "2026-06-29T13:03:20.293Z" },
    { url = "https://files.pythonhosted.org/packages/55/40/c0253d3772eb9dcd8e6606ee9b2d53ec8e5b814589c47f140aa585f21eaa/jiter-0.16.0-cp312-cp312-manylinux_2_17_s390x.manylinux2014_s390x.whl", hash = "sha256:c22a488f7b9218e245a0025a9ba6b100e2e54700831cf4cf16833a27fba3ad01", size = 372302, upload-time = "2026-06-29T13:03:21.739Z" },
    { url = "https://files.pythonhosted.org/packages/a8/d2/4839422241aa12860ce597b20068727094ba0bc480723c74924ca5bad483/jiter-0.16.0-cp312-cp312-manylinux_2_17_x86_64.manylinux2014_x86_64.whl", hash = "sha256:46add52f4ad47a08bfb1219f3e673da972191489a33016edefdb5ea55bfa8c48", size = 343805, upload-time = "2026-06-29T13:03:23.384Z" },
    { url = "https://files.pythonhosted.org/packages/e2/59/e196888a05befdda7dbe299b722d56f2f6eec65402bc34c0a3306d595feb/jiter-0.16.0-cp312-cp312-manylinux_2_31_riscv64.whl", hash = "sha256:9c8a956fd72c2cf1e730d01ea080341f13aa0a97a4a33b51abebe725b7ae9ca9", size = 351107, upload-time = "2026-06-29T13:03:24.815Z" },
    { url = "https://files.pythonhosted.org/packages/ec/74/4cd9e0fca65232136400354b630fbfcd2de634e22ccbb96567725981b548/jiter-0.16.0-cp312-cp312-manylinux_2_5_i686.manylinux1_i686.whl", hash = "sha256:561926e0573ffe4a32498420a76d64b16c513e1ab413b9d28158a8764ac701e5", size = 388441, upload-time = "2026-06-29T13:03:26.266Z" },
    { url = "https://files.pythonhosted.org/packages/d9/8c/554691e48bc711299c0a293dd8a6179e24b2d66a54dc295421fcf64569c0/jiter-0.16.0-cp312-cp312-musllinux_1_1_aarch64.whl", hash = "sha256:44d019fa8cdaf89bf29c71b39e3712143fdd0ac76725c6ef954f9957a5ea8730", size = 516354, upload-time = "2026-06-29T13:03:28.02Z" },
    { url = "https://files.pythonhosted.org/packages/a4/cb/01e9d69dc2cc6759d4f91e230b34489c4fdb2518992650633f9e20bece89/jiter-0.16.0-cp312-cp312-musllinux_1_1_x86_64.whl", hash = "sha256:0df91907609837f33341b8e6fe73b95991fdaa57caf1a0fbd343dffe826f386f", size = 547880, upload-time = "2026-06-29T13:03:29.534Z" },
    { url = "https://files.pythonhosted.org/packages/79/70/2953195f1c6ad00f49fa67e13df7e60acb3dd4f387101bc15abccddd905e/jiter-0.16.0-cp312-cp312-win32.whl", hash = "sha256:51d7b836acb0108d7c77df1742332cac2a1fa04a74d6dacec46e7091f0e91274", size = 203473, upload-time = "2026-06-29T13:03:31.025Z" },
    { url = "https://files.pythonhosted.org/packages/2d/05/2909a8b10699a4d560f8c502b6b2c5f3991b682b1922c1eedda242b225bd/jiter-0.16.0-cp312-cp312-win_amd64.whl", hash = "sha256:1878349266f8ee36ecb1375cc5ba2f115f35fd9f0a1a4119e725e379126647f7", size = 196905, upload-time = "2026-06-29T13:03:32.472Z" },
    { url = "https://files.pythonhosted.org/packages/e9/a9/6b82bb1c8d7790d602489b967b982a909e5d092875a6c2ade96444c8dfc5/jiter-0.16.0-cp312-cp312-win_arm64.whl", hash = "sha256:2ed5738ae4af18271a51a528b8811b0cbfa4a1858de9d83359e4169855d6a331", size = 190618, upload-time = "2026-06-29T13:03:34.672Z" },
    { url = "https://files.pythonhosted.org/packages/98/ab/664fd8c4be028b2bedd3d2ff08769c4ede23d0dbc87a77c62384a0515b5d/jiter-0.16.0-graalpy312-graalpy250_312_native-macosx_10_12_x86_64.whl", hash = "sha256:f17d61a28b4b3e0e3e2ba98490c70501403b4d196f78732439160e7fd3678127", size = 303106, upload-time = "2026-06-29T13:05:07.118Z" },
    { url = "https://files.pythonhosted.org/packages/1a/07/421f1d5b65493a76e16027b848aba6a7d28073ae75944fa4289cc914d39f/jiter-0.16.0-graalpy312-graalpy250_312_native-macosx_11_0_arm64.whl", hash = "sha256:96e38eea538c8ddf853a35727c7be0741c76c13f04148ac5c116222f50ece3b3", size = 304658, upload-time = "2026-06-29T13:05:08.708Z" },
    { url = "https://files.pythonhosted.org/packages/0a/db/bba1155f01a01c3c37a89425d571da751bbedf5c54247b831a04cb971798/jiter-0.16.0-graalpy312-graalpy250_312_native-manylinux_2_17_aarch64.manylinux2014_aarch64.whl", hash = "sha256:d284fb8d94d5855d60c44fefcab4bf966f1da6fada73992b01f6f0c9bc0c6702", size = 339719, upload-time = "2026-06-29T13:05:10.41Z" },
    { url = "https://files.pythonhosted.org/packages/78/f7/18a1afcd64f35314b68c1f23afcd9994d0bc13e65cc77517afff4e83986d/jiter-0.16.0-graalpy312-graalpy250_312_native-manylinux_2_17_x86_64.manylinux2014_x86_64.whl", hash = "sha256:64d613743df53199b1aa256a7d328340da6d7078aac7705a7db9d7a791e9cfd2", size = 343885, upload-time = "2026-06-29T13:05:12.087Z" },
]

[[package]]
name = "ollama"
version = "0.6.2"
source = { registry = "https://pypi.org/simple" }
dependencies = [
    { name = "httpx" },
    { name = "pydantic" },
]
sdist = { url = "https://files.pythonhosted.org/packages/fc/72/5f12423b6b39ca8430fbe56f77fcf4ef60f63067c7c4a2e30e200ed9ec16/ollama-0.6.2.tar.gz", hash = "sha256:936d55daa684f474364c098611c933626f8d6c7d67065c5b7ae0c477b508b07f", size = 53145, upload-time = "2026-04-29T21:21:15.018Z" }
wheels = [
    { url = "https://files.pythonhosted.org/packages/c4/ab/d6722beeb2d10f7a3b9ff49375708904fde18f82b5609a0bc4aeb5996a4d/ollama-0.6.2-py3-none-any.whl", hash = "sha256:3ad7daab28e5a973445c36a73882a3ef698c2ebb00e21e308652741577509f7d", size = 15115, upload-time = "2026-04-29T21:21:13.794Z" },
]

[[package]]
name = "openai"
version = "3.8.0"
source = { registry = "https://pypi.org/simple" }
dependencies = [
    { name = "anyio" },
    { name = "httpx2" },
    { name = "jiter" },
    { name = "pydantic" },
    { name = "sniffio" },
    { name = "typing-extensions" },
]
sdist = { url = "https://files.pythonhosted.org/packages/f2/b0/1100c93f93e1c174205ce8d15a049a446f0dc88e9262c1f1f223fe6b9493/openai-3.8.0.tar.gz", hash = "sha256:6138a5a1333a1be9e4d1edea2d160b311542787b029543f87de4961c66358d16", size = 1473819, upload-time = "2026-09-03T19:51:10.495Z" }
wheels = [
    { url = "https://files.pythonhosted.org/packages/24/a4/c7e89d3bfb8b7c7ffa38ec9fe527bccf4df723f752fb11bdb3da6c750b76/openai-3.8.0-py3-none-any.whl", hash = "sha256:514736aa1e4ef1033c1209ad53897392845ccd4f2c4fae6413b2cf5f91c2c926", size = 1740349, upload-time = "2026-09-03T19:51:08.596Z" },
]

[[package]]
name = "project1-python-start"
version = "0.1.0"
source = { virtual = "." }
dependencies = [
    { name = "ollama" },
    { name = "openai" },
]

[package.metadata]
requires-dist = [
    { name = "ollama", specifier = "==0.6.2" },
    { name = "openai", specifier = "==3.8.0" },
]

[[package]]
name = "pydantic"
version = "2.13.5"
source = { registry = "https://pypi.org/simple" }
dependencies = [
    { name = "annotated-types" },
    { name = "pydantic-core" },
    { name = "typing-extensions" },
    { name = "typing-inspection" },
]
sdist = { url = "https://files.pythonhosted.org/packages/53/ef/fc4f868f4e2cee79f863883abffceff107875f569b848507319842d2a681/pydantic-2.13.5.tar.gz", hash = "sha256:51a9c5f7b2f8e636f04c6cada605d9b6a3bf1348fdf945a3d8869b19bba0ee08", size = 845750, upload-time = "2026-08-28T14:04:00.916Z" }
wheels = [
    { url = "https://files.pythonhosted.org/packages/eb/47/c95ffc2009878c7aac0c5e08528022dcb885933252a88b5f170058014464/pydantic-2.13.5-py3-none-any.whl", hash = "sha256:346a034f080da3755d8e9cb5e00e8b07de1d39e4f6e2c87d8ab7cafa0b269a73", size = 472589, upload-time = "2026-08-28T14:03:59.136Z" },
]

[[package]]
name = "pydantic-core"
version = "2.46.5"
source = { registry = "https://pypi.org/simple" }
dependencies = [
    { name = "typing-extensions" },
]
sdist = { url = "https://files.pythonhosted.org/packages/af/f9/8a06bea35ef8daf588f707784c973a7046e0034c8d8cfb08828eeffb8b75/pydantic_core-2.46.5.tar.gz", hash = "sha256:10416c15b8839ecc4ef4d0885da76da6fd0f67333a0eb8aff6d93c4b8f2910fc", size = 472262, upload-time = "2026-08-28T10:01:31.677Z" }
wheels = [
    { url = "https://files.pythonhosted.org/packages/82/3f/76358795aa7a8c6d4f36e2cb828ad1c90ee118e1393a9281664f5aade9d4/pydantic_core-2.46.5-cp312-cp312-macosx_10_12_x86_64.whl", hash = "sha256:b9fe6fb92520e3fd61f2e49000b6911b188824f089b75973ea06d6267f0b476d", size = 2076516, upload-time = "2026-08-28T09:58:21.576Z" },
    { url = "https://files.pythonhosted.org/packages/db/50/26b091836076ce4cb2fac264186936acc069e0595772cfd02a563bc4761a/pydantic_core-2.46.5-cp312-cp312-macosx_11_0_arm64.whl", hash = "sha256:a39ac25a9a2fa4072efdb429833c4a4c8009a51ff9eea3eeae131713cd27991e", size = 1922874, upload-time = "2026-08-28T09:58:23.766Z" },
    { url = "https://files.pythonhosted.org/packages/09/f0/2a8ce3849e299d44e2d2c196b6082643a3235565a735cb51db7a6261f614/pydantic_core-2.46.5-cp312-cp312-manylinux_2_17_aarch64.manylinux2014_aarch64.whl", hash = "sha256:4fdc8b93a41521988916eeaa271173fcca7fa0803d62f87675aac8dcec1c8e29", size = 1951772, upload-time = "2026-08-28T09:58:25.435Z" },
    { url = "https://files.pythonhosted.org/packages/87/46/ac0dc8bdd9e6048183a14eb127764e7ad9240021c17513074a4711b0e31e/pydantic_core-2.46.5-cp312-cp312-manylinux_2_17_armv7l.manylinux2014_armv7l.whl", hash = "sha256:b98134087d9de723658d17a42c7d0da8d6e2ef08015dee7dc93889047315f5e4", size = 2031832, upload-time = "2026-08-28T09:58:27.102Z" },
    { url = "https://files.pythonhosted.org/packages/c4/c2/339de5bef7be36301a2231eaa52e62163742c2281f11b5f4892bc79785cd/pydantic_core-2.46.5-cp312-cp312-manylinux_2_17_ppc64le.manylinux2014_ppc64le.whl", hash = "sha256:e652ab17569c94bff5475520f907b7148b8c24036a8ebbe5cf7cf7493d28579a", size = 2208645, upload-time = "2026-08-28T09:58:28.948Z" },
    { url = "https://files.pythonhosted.org/packages/7b/a0/9ff22b797724262da14427abaed4dd1d864a139693fc5e7809114376a716/pydantic_core-2.46.5-cp312-cp312-manylinux_2_17_s390x.manylinux2014_s390x.whl", hash = "sha256:d925f3d9afd05a8c0fb3a1031463a8d59ebe5e2afad297e29c78be19e13b4e62", size = 2265935, upload-time = "2026-08-28T09:58:30.625Z" },
    { url = "https://files.pythonhosted.org/packages/c0/a4/eb9409ec0736e50aa70a412f16c204ed149516846912f7e6724d4c73ee53/pydantic_core-2.46.5-cp312-cp312-manylinux_2_17_x86_64.manylinux2014_x86_64.whl", hash = "sha256:0fc5be0abd4a407e200d844b404e33639a554e7bd0d448e7b9ae181be4789ac2", size = 2066284, upload-time = "2026-08-28T09:58:32.289Z" },
    { url = "https://files.pythonhosted.org/packages/c0/02/7f6156ffc926857f1c37c07d9a388682865a81830ab6a1b637082c25e399/pydantic_core-2.46.5-cp312-cp312-manylinux_2_31_riscv64.whl", hash = "sha256:816ff0a6550ffc06c098ccd2e0698600f9aa7da192a79eaa6f9af504a35db869", size = 2105889, upload-time = "2026-08-28T09:58:33.986Z" },
    { url = "https://files.pythonhosted.org/packages/92/b1/e781d357ebe09fc929f995700f1b3503e8897f1cece183ecb1300d4d67e9/pydantic_core-2.46.5-cp312-cp312-manylinux_2_5_i686.manylinux1_i686.whl", hash = "sha256:c7ea57fc63aa7da93a1bd2d644e6577befae10c52c4e36377635eea1056a74f5", size = 2158006, upload-time = "2026-08-28T09:58:35.647Z" },
    { url = "https://files.pythonhosted.org/packages/70/0a/644597d84ab400e50609c192120b85c9681c22d3a20461b9060a79be0a7a/pydantic_core-2.46.5-cp312-cp312-musllinux_1_1_aarch64.whl", hash = "sha256:efd62a42486f1bda5d24cb4f63d15a3c7768375fe83d36f9417b4ad7a2fb20b3", size = 2158408, upload-time = "2026-08-28T09:58:37.38Z" },
    { url = "https://files.pythonhosted.org/packages/1e/ee/ca3b7b3a4b3769ffe9ce9432a7c9be755de9593a46d3b0d54d0409323e44/pydantic_core-2.46.5-cp312-cp312-musllinux_1_1_armv7l.whl", hash = "sha256:2bc9419666990c06d7397831f2126a1ecc3594aaa3ff7de5bf2d066802f4e07b", size = 2309609, upload-time = "2026-08-28T09:58:39.22Z" },
    { url = "https://files.pythonhosted.org/packages/ce/52/39fa1f451486019524ca685020390e7ca351832fd874530ba30c8628e6dc/pydantic_core-2.46.5-cp312-cp312-musllinux_1_1_x86_64.whl", hash = "sha256:18a09e1e1011b462f2e32774f25859ef1223d5c2b0546a633cf56654710721e0", size = 2342618, upload-time = "2026-08-28T09:58:40.89Z" },
    { url = "https://files.pythonhosted.org/packages/81/5e/468fc630568c61dcef3cd47ad32ffbeed9af643f49208d1ea86ab4f890c4/pydantic_core-2.46.5-cp312-cp312-win32.whl", hash = "sha256:5cb482e9e84c851f4e623fe4acc1ced89168cf1fe18f7089db4548c8f5bbb65b", size = 1939475, upload-time = "2026-08-28T09:58:42.591Z" },
    { url = "https://files.pythonhosted.org/packages/cf/c9/4c19f41b84cf6b622a72fbeed7665b25d47a187d68d47d0d430c07f23268/pydantic_core-2.46.5-cp312-cp312-win_amd64.whl", hash = "sha256:5e81740c09e310f5aa5cbd3e434a01c154d4bef93241c7877b39f211d2b78ba8", size = 2043140, upload-time = "2026-08-28T09:58:44.272Z" },
    { url = "https://files.pythonhosted.org/packages/af/dd/0c1a050299147c746e5256db16d645ab5efd4f78c59937d581a0524e74a2/pydantic_core-2.46.5-cp312-cp312-win_arm64.whl", hash = "sha256:f7b0ec93a2893de856652154d73b7ba622f26fa97726487dcac373de5f4c6084", size = 1997729, upload-time = "2026-08-28T09:58:46.13Z" },
    { url = "https://files.pythonhosted.org/packages/df/dd/053c2e4303f791f3b8f8a14ab0b22008e8eb21d868c0c90b4f9be705b76a/pydantic_core-2.46.5-graalpy312-graalpy250_312_native-macosx_10_12_x86_64.whl", hash = "sha256:013d6f3483d81e02e7c328831808f336c8596ee33b4bd4026b9ffb1e960b8942", size = 2062540, upload-time = "2026-08-28T10:01:00.318Z" },
    { url = "https://files.pythonhosted.org/packages/d7/dd/a18df751a5e37dd51bfad7f68e766999125bebe68c9e1d10a493ad01bd63/pydantic_core-2.46.5-graalpy312-graalpy250_312_native-macosx_11_0_arm64.whl", hash = "sha256:e9c134bb666dd54b778b9fc0d2b50cbb7f979b9e3716f26a88c9ab3b6fc1dd0f", size = 1902040, upload-time = "2026-08-28T10:01:02.529Z" },
    { url = "https://files.pythonhosted.org/packages/b7/13/01d40f9d07ce8a779fd6e0bd8ad4fba91309500dd67b869e2e219d261a6d/pydantic_core-2.46.5-graalpy312-graalpy250_312_native-manylinux_2_17_aarch64.manylinux2014_aarch64.whl", hash = "sha256:347ec774390c87326a2e4929d58d3f7e8763a104d5d35f4cd595a4c952366433", size = 1967479, upload-time = "2026-08-28T10:01:05.004Z" },
    { url = "https://files.pythonhosted.org/packages/fa/04/c81d4841331c2178b6fb09ae225425e110ed72d990c9fe556c4ec03d1013/pydantic_core-2.46.5-graalpy312-graalpy250_312_native-manylinux_2_17_x86_64.manylinux2014_x86_64.whl", hash = "sha256:8e24d8f05fa2d28513d94e877e9c75ad66175376209b3977f916e240e623193c", size = 2111034, upload-time = "2026-08-28T10:01:07.345Z" },
]

[[package]]
name = "sniffio"
version = "1.3.1"
source = { registry = "https://pypi.org/simple" }
sdist = { url = "https://files.pythonhosted.org/packages/a2/87/a6771e1546d97e7e041b6ae58d80074f81b7d5121207425c964ddf5cfdbd/sniffio-1.3.1.tar.gz", hash = "sha256:f4324edc670a0f49750a81b895f35c3adb843cca46f0530f79fc1babb23789dc", size = 20372, upload-time = "2024-02-25T23:20:04.057Z" }
wheels = [
    { url = "https://files.pythonhosted.org/packages/e9/44/75a9c9421471a6c4805dbf2356f7c181a29c1879239abab1ea2cc8f38b40/sniffio-1.3.1-py3-none-any.whl", hash = "sha256:2f6da418d1f1e0fddd844478f41680e794e6051915791a034ff65e5f100525a2", size = 10235, upload-time = "2024-02-25T23:20:01.196Z" },
]

[[package]]
name = "truststore"
version = "0.10.4"
source = { registry = "https://pypi.org/simple" }
sdist = { url = "https://files.pythonhosted.org/packages/53/a3/1585216310e344e8102c22482f6060c7a6ea0322b63e026372e6dcefcfd6/truststore-0.10.4.tar.gz", hash = "sha256:9d91bd436463ad5e4ee4aba766628dd6cd7010cf3e2461756b3303710eebc301", size = 26169, upload-time = "2025-08-12T18:49:02.73Z" }
wheels = [
    { url = "https://files.pythonhosted.org/packages/19/97/56608b2249fe206a67cd573bc93cd9896e1efb9e98bce9c163bcdc704b88/truststore-0.10.4-py3-none-any.whl", hash = "sha256:adaeaecf1cbb5f4de3b1959b42d41f6fab57b2b1666adb59e89cb0b53361d981", size = 18660, upload-time = "2025-08-12T18:49:01.46Z" },
]

[[package]]
name = "typing-extensions"
version = "4.16.0"
source = { registry = "https://pypi.org/simple" }
sdist = { url = "https://files.pythonhosted.org/packages/f6/cc/6253133b5bb138fc3306cebfbda2c520f545d36b5be2c7255cc528bb45d6/typing_extensions-4.16.0.tar.gz", hash = "sha256:dc983d19a509c94dba722ee6abd33940f7c05a89e243c47e907eb4db6f1a43e5", size = 113555, upload-time = "2026-07-02T08:40:05.92Z" }
wheels = [
    { url = "https://files.pythonhosted.org/packages/49/d3/b8441a820a491ddfc024b0b0cf0393375b75ea13866d9c66727e54c2fc80/typing_extensions-4.16.0-py3-none-any.whl", hash = "sha256:481caa481374e813c1b176ada14e97f1f67a4539ce9cfeb3f350d78d6370c2e8", size = 45571, upload-time = "2026-07-02T08:40:04.659Z" },
]

[[package]]
name = "typing-inspection"
version = "0.4.4"
source = { registry = "https://pypi.org/simple" }
dependencies = [
    { name = "typing-extensions" },
]
sdist = { url = "https://files.pythonhosted.org/packages/a3/26/b09b8010994eccc3c09092e6b34058f36a460eea2d4c3e8b910c695975a0/typing_inspection-0.4.4.tar.gz", hash = "sha256:547274fa6b0a561ccf549cc9524b999a578e737d015d8709d021f9d0d13bea47", size = 76928, upload-time = "2026-08-12T12:37:25.997Z" }
wheels = [
    { url = "https://files.pythonhosted.org/packages/67/81/4add07e5172b7ac40d8ed5ff580409a7801a4fe26d529bdd915401dabfbe/typing_inspection-0.4.4-py3-none-any.whl", hash = "sha256:65b8397ba37ccbce054456aaccddfc91e6e3083c92824df348d96ca832f3f147", size = 14750, upload-time = "2026-08-12T12:37:24.648Z" },
]
